// !$*UTF8*$!
{
	archiveVersion = 1;
	classes = {
	};
	objectVersion = 55;
	objects = {

/* Begin PBXBuildFile section */
		35C502B827EB604A0033037E /* AppDelegate.swift in Sources */ = {isa = PBXBuildFile; fileRef = 35C502B727EB604A0033037E /* AppDelegate.swift */; };
		35C502BA27EB604A0033037E /* SceneDelegate.swift in Sources */ = {isa = PBXBuildFile; fileRef = 35C502B927EB604A0033037E /* SceneDelegate.swift */; };
		35C502BC27EB604A0033037E /* ViewController.swift in Sources */ = {isa = PBXBuildFile; fileRef = 35C502BB27EB604A0033037E /* ViewController.swift */; };
		35C502BF27EB604A0033037E /* Main.storyboard in Resources */ = {isa = PBXBuildFile; fileRef = 35C502BD27EB604A0033037E /* Main.storyboard */; };
		35C502C127EB604D0033037E /* Assets.xcassets in Resources */ = {isa = PBXBuildFile; fileRef = 35C502C027EB604D0033037E /* Assets.xcassets */; };
		35C502C427EB604D0033037E /* LaunchScreen.storyboard in Resources */ = {isa = PBXBuildFile; fileRef = 35C502C227EB604D0033037E /* LaunchScreen.storyboard */; };
		35C502CF27EB604D0033037E /* GitHubAppTests.swift in Sources */ = {isa = PBXBuildFile; fileRef = 35C502CE27EB604D0033037E /* GitHubAppTests.swift */; };
		35C502D927EB604D0033037E /* GitHubAppUITests.swift in Sources */ = {isa = PBXBuildFile; fileRef = 35C502D827EB604D0033037E /* GitHubAppUITests.swift */; };
		35C502DB27EB604D0033037E /* GitHubAppUITestsLaunchTests.swift in Sources */ = {isa = PBXBuildFile; fileRef = 35C502DA27EB604D0033037E /* GitHubAppUITestsLaunchTests.swift */; };
		35C502E927EB62920033037E /* MainViewController.swift in Sources */ = {isa = PBXBuildFile; fileRef = 35C502E727EB62920033037E /* MainViewController.swift */; };
		35C502EA27EB62920033037E /* MainViewController.xib in Resources */ = {isa = PBXBuildFile; fileRef = 35C502E827EB62920033037E /* MainViewController.xib */; };
		35C502ED27EC89980033037E /* GHUserTableViewCell.swift in Sources */ = {isa = PBXBuildFile; fileRef = 35C502EB27EC89980033037E /* GHUserTableViewCell.swift */; };
		35C502EE27EC89980033037E /* GHUserTableViewCell.xib in Resources */ = {isa = PBXBuildFile; fileRef = 35C502EC27EC89980033037E /* GHUserTableViewCell.xib */; };
		35C502F127ECA6810033037E /* Kingfisher in Frameworks */ = {isa = PBXBuildFile; productRef = 35C502F027ECA6810033037E /* Kingfisher */; };
		35C502F427ECAF0A0033037E /* UserDetailViewController.swift in Sources */ = {isa = PBXBuildFile; fileRef = 35C502F227ECAF0A0033037E /* UserDetailViewController.swift */; };
		35C502F527ECAF0A0033037E /* UserDetailViewController.xib in Resources */ = {isa = PBXBuildFile; fileRef = 35C502F327ECAF0A0033037E /* UserDetailViewController.xib */; };
		35C502F827EE133D0033037E /* GHRepositoryTableViewCell.swift in Sources */ = {isa = PBXBuildFile; fileRef = 35C502F627EE133D0033037E /* GHRepositoryTableViewCell.swift */; };
		35C502F927EE133D0033037E /* GHRepositoryTableViewCell.xib in Resources */ = {isa = PBXBuildFile; fileRef = 35C502F727EE133D0033037E /* GHRepositoryTableViewCell.xib */; };
		35C502FE27EF38C90033037E /* Alamofire in Frameworks */ = {isa = PBXBuildFile; productRef = 35C502FD27EF38C90033037E /* Alamofire */; };
		35C5030127EF56000033037E /* MainViewController+TableViewDelegate.swift in Sources */ = {isa = PBXBuildFile; fileRef = 35C5030027EF56000033037E /* MainViewController+TableViewDelegate.swift */; };
		35C5030327EF57100033037E /* MainViewController+SearchBarDelegate.swift in Sources */ = {isa = PBXBuildFile; fileRef = 35C5030227EF57100033037E /* MainViewController+SearchBarDelegate.swift */; };
		35C5030527EF59800033037E /* Notification+Name.swift in Sources */ = {isa = PBXBuildFile; fileRef = 35C5030427EF59800033037E /* Notification+Name.swift */; };
		35C5030827EF5CB80033037E /* GHUser.swift in Sources */ = {isa = PBXBuildFile; fileRef = 35C5030727EF5CB80033037E /* GHUser.swift */; };
		35C5030A27EF5CE80033037E /* GHRepository.swift in Sources */ = {isa = PBXBuildFile; fileRef = 35C5030927EF5CE80033037E /* GHRepository.swift */; };
		35C5030D27EF61D90033037E /* HttpState.swift in Sources */ = {isa = PBXBuildFile; fileRef = 35C5030C27EF61D90033037E /* HttpState.swift */; };
		35C5030F27EF61F30033037E /* AppConstant.swift in Sources */ = {isa = PBXBuildFile; fileRef = 35C5030E27EF61F30033037E /* AppConstant.swift */; };
		35C5031127F13EEB0033037E /* GHSearchUser.swift in Sources */ = {isa = PBXBuildFile; fileRef = 35C5031027F13EEB0033037E /* GHSearchUser.swift */; };
		35C5031527F1F74C0033037E /* SecretConstant.swift in Sources */ = {isa = PBXBuildFile; fileRef = 35C5031427F1F74C0033037E /* SecretConstant.swift */; };
		35C5031727F1F8B90033037E /* UserDetailViewController+TableViewDelegate.swift in Sources */ = {isa = PBXBuildFile; fileRef = 35C5031627F1F8B90033037E /* UserDetailViewController+TableViewDelegate.swift */; };
		35C5031927F316A50033037E /* UserDefaultsManager.swift in Sources */ = {isa = PBXBuildFile; fileRef = 35C5031827F316A50033037E /* UserDefaultsManager.swift */; };
		35C5031D27F342CD0033037E /* FavoriteListViewController.swift in Sources */ = {isa = PBXBuildFile; fileRef = 35C5031B27F342CD0033037E /* FavoriteListViewController.swift */; };
		35C5031E27F342CD0033037E /* FavoriteListViewController.xib in Resources */ = {isa = PBXBuildFile; fileRef = 35C5031C27F342CD0033037E /* FavoriteListViewController.xib */; };
		35C5032027F344470033037E /* FavoriteListViewController+TableViewDelegate.swift in Sources */ = {isa = PBXBuildFile; fileRef = 35C5031F27F344470033037E /* FavoriteListViewController+TableViewDelegate.swift */; };
		35C5032227F488500033037E /* Int+Extension.swift in Sources */ = {isa = PBXBuildFile; fileRef = 35C5032127F488500033037E /* Int+Extension.swift */; };
/* End PBXBuildFile section */

/* Begin PBXContainerItemProxy section */
		35C502CB27EB604D0033037E /* PBXContainerItemProxy */ = {
			isa = PBXContainerItemProxy;
			containerPortal = 35C502AC27EB604A0033037E /* Project object */;
			proxyType = 1;
			remoteGlobalIDString = 35C502B327EB604A0033037E;
			remoteInfo = GitHubApp;
		};
		35C502D527EB604D0033037E /* PBXContainerItemProxy */ = {
			isa = PBXContainerItemProxy;
			containerPortal = 35C502AC27EB604A0033037E /* Project object */;
			proxyType = 1;
			remoteGlobalIDString = 35C502B327EB604A0033037E;
			remoteInfo = GitHubApp;
		};
/* End PBXContainerItemProxy section */

/* Begin PBXFileReference section */
		35C502B427EB604A0033037E /* GitHubApp.app */ = {isa = PBXFileReference; explicitFileType = wrapper.application; includeInIndex = 0; path = GitHubApp.app; sourceTree = BUILT_PRODUCTS_DIR; };
		35C502B727EB604A0033037E /* AppDelegate.swift */ = {isa = PBXFileReference; lastKnownFileType = sourcecode.swift; path = AppDelegate.swift; sourceTree = "<group>"; };
		35C502B927EB604A0033037E /* SceneDelegate.swift */ = {isa = PBXFileReference; lastKnownFileType = sourcecode.swift; path = SceneDelegate.swift; sourceTree = "<group>"; };
		35C502BB27EB604A0033037E /* ViewController.swift */ = {isa = PBXFileReference; lastKnownFileType = sourcecode.swift; path = ViewController.swift; sourceTree = "<group>"; };
		35C502BE27EB604A0033037E /* Base */ = {isa = PBXFileReference; lastKnownFileType = file.storyboard; name = Base; path = Base.lproj/Main.storyboard; sourceTree = "<group>"; };
		35C502C027EB604D0033037E /* Assets.xcassets */ = {isa = PBXFileReference; lastKnownFileType = folder.assetcatalog; path = Assets.xcassets; sourceTree = "<group>"; };
		35C502C327EB604D0033037E /* Base */ = {isa = PBXFileReference; lastKnownFileType = file.storyboard; name = Base; path = Base.lproj/LaunchScreen.storyboard; sourceTree = "<group>"; };
		35C502C527EB604D0033037E /* Info.plist */ = {isa = PBXFileReference; lastKnownFileType = text.plist.xml; path = Info.plist; sourceTree = "<group>"; };
		35C502CA27EB604D0033037E /* GitHubAppTests.xctest */ = {isa = PBXFileReference; explicitFileType = wrapper.cfbundle; includeInIndex = 0; path = GitHubAppTests.xctest; sourceTree = BUILT_PRODUCTS_DIR; };
		35C502CE27EB604D0033037E /* GitHubAppTests.swift */ = {isa = PBXFileReference; lastKnownFileType = sourcecode.swift; path = GitHubAppTests.swift; sourceTree = "<group>"; };
		35C502D427EB604D0033037E /* GitHubAppUITests.xctest */ = {isa = PBXFileReference; explicitFileType = wrapper.cfbundle; includeInIndex = 0; path = GitHubAppUITests.xctest; sourceTree = BUILT_PRODUCTS_DIR; };
		35C502D827EB604D0033037E /* GitHubAppUITests.swift */ = {isa = PBXFileReference; lastKnownFileType = sourcecode.swift; path = GitHubAppUITests.swift; sourceTree = "<group>"; };
		35C502DA27EB604D0033037E /* GitHubAppUITestsLaunchTests.swift */ = {isa = PBXFileReference; lastKnownFileType = sourcecode.swift; path = GitHubAppUITestsLaunchTests.swift; sourceTree = "<group>"; };
		35C502E727EB62920033037E /* MainViewController.swift */ = {isa = PBXFileReference; lastKnownFileType = sourcecode.swift; path = MainViewController.swift; sourceTree = "<group>"; };
		35C502E827EB62920033037E /* MainViewController.xib */ = {isa = PBXFileReference; lastKnownFileType = file.xib; path = MainViewController.xib; sourceTree = "<group>"; };
		35C502EB27EC89980033037E /* GHUserTableViewCell.swift */ = {isa = PBXFileReference; lastKnownFileType = sourcecode.swift; path = GHUserTableViewCell.swift; sourceTree = "<group>"; };
		35C502EC27EC89980033037E /* GHUserTableViewCell.xib */ = {isa = PBXFileReference; lastKnownFileType = file.xib; path = GHUserTableViewCell.xib; sourceTree = "<group>"; };
		35C502F227ECAF0A0033037E /* UserDetailViewController.swift */ = {isa = PBXFileReference; lastKnownFileType = sourcecode.swift; path = UserDetailViewController.swift; sourceTree = "<group>"; };
		35C502F327ECAF0A0033037E /* UserDetailViewController.xib */ = {isa = PBXFileReference; lastKnownFileType = file.xib; path = UserDetailViewController.xib; sourceTree = "<group>"; };
		35C502F627EE133D0033037E /* GHRepositoryTableViewCell.swift */ = {isa = PBXFileReference; lastKnownFileType = sourcecode.swift; path = GHRepositoryTableViewCell.swift; sourceTree = "<group>"; };
		35C502F727EE133D0033037E /* GHRepositoryTableViewCell.xib */ = {isa = PBXFileReference; lastKnownFileType = file.xib; path = GHRepositoryTableViewCell.xib; sourceTree = "<group>"; };
		35C5030027EF56000033037E /* MainViewController+TableViewDelegate.swift */ = {isa = PBXFileReference; lastKnownFileType = sourcecode.swift; path = "MainViewController+TableViewDelegate.swift"; sourceTree = "<group>"; };
		35C5030227EF57100033037E /* MainViewController+SearchBarDelegate.swift */ = {isa = PBXFileReference; lastKnownFileType = sourcecode.swift; path = "MainViewController+SearchBarDelegate.swift"; sourceTree = "<group>"; };
		35C5030427EF59800033037E /* Notification+Name.swift */ = {isa = PBXFileReference; lastKnownFileType = sourcecode.swift; path = "Notification+Name.swift"; sourceTree = "<group>"; };
		35C5030727EF5CB80033037E /* GHUser.swift */ = {isa = PBXFileReference; lastKnownFileType = sourcecode.swift; path = GHUser.swift; sourceTree = "<group>"; };
		35C5030927EF5CE80033037E /* GHRepository.swift */ = {isa = PBXFileReference; lastKnownFileType = sourcecode.swift; path = GHRepository.swift; sourceTree = "<group>"; };
		35C5030C27EF61D90033037E /* HttpState.swift */ = {isa = PBXFileReference; lastKnownFileType = sourcecode.swift; path = HttpState.swift; sourceTree = "<group>"; };
		35C5030E27EF61F30033037E /* AppConstant.swift */ = {isa = PBXFileReference; lastKnownFileType = sourcecode.swift; path = AppConstant.swift; sourceTree = "<group>"; };
		35C5031027F13EEB0033037E /* GHSearchUser.swift */ = {isa = PBXFileReference; lastKnownFileType = sourcecode.swift; path = GHSearchUser.swift; sourceTree = "<group>"; };
		35C5031427F1F74C0033037E /* SecretConstant.swift */ = {isa = PBXFileReference; lastKnownFileType = sourcecode.swift; path = SecretConstant.swift; sourceTree = "<group>"; };
		35C5031627F1F8B90033037E /* UserDetailViewController+TableViewDelegate.swift */ = {isa = PBXFileReference; lastKnownFileType = sourcecode.swift; path = "UserDetailViewController+TableViewDelegate.swift"; sourceTree = "<group>"; };
		35C5031827F316A50033037E /* UserDefaultsManager.swift */ = {isa = PBXFileReference; lastKnownFileType = sourcecode.swift; path = UserDefaultsManager.swift; sourceTree = "<group>"; };
		35C5031B27F342CD0033037E /* FavoriteListViewController.swift */ = {isa = PBXFileReference; lastKnownFileType = sourcecode.swift; path = FavoriteListViewController.swift; sourceTree = "<group>"; };
		35C5031C27F342CD0033037E /* FavoriteListViewController.xib */ = {isa = PBXFileReference; lastKnownFileType = file.xib; path = FavoriteListViewController.xib; sourceTree = "<group>"; };
		35C5031F27F344470033037E /* FavoriteListViewController+TableViewDelegate.swift */ = {isa = PBXFileReference; lastKnownFileType = sourcecode.swift; path = "FavoriteListViewController+TableViewDelegate.swift"; sourceTree = "<group>"; };
		35C5032127F488500033037E /* Int+Extension.swift */ = {isa = PBXFileReference; lastKnownFileType = sourcecode.swift; path = "Int+Extension.swift"; sourceTree = "<group>"; };
/* End PBXFileReference section */

/* Begin PBXFrameworksBuildPhase section */
		35C502B127EB604A0033037E /* Frameworks */ = {
			isa = PBXFrameworksBuildPhase;
			buildActionMask = 2147483647;
			files = (
				35C502F127ECA6810033037E /* Kingfisher in Frameworks */,
				35C502FE27EF38C90033037E /* Alamofire in Frameworks */,
			);
			runOnlyForDeploymentPostprocessing = 0;
		};
		35C502C727EB604D0033037E /* Frameworks */ = {
			isa = PBXFrameworksBuildPhase;
			buildActionMask = 2147483647;
			files = (
			);
			runOnlyForDeploymentPostprocessing = 0;
		};
		35C502D127EB604D0033037E /* Frameworks */ = {
			isa = PBXFrameworksBuildPhase;
			buildActionMask = 2147483647;
			files = (
			);
			runOnlyForDeploymentPostprocessing = 0;
		};
/* End PBXFrameworksBuildPhase section */

/* Begin PBXGroup section */
		35C502AB27EB604A0033037E = {
			isa = PBXGroup;
			children = (
				35C502B627EB604A0033037E /* GitHubApp */,
				35C502CD27EB604D0033037E /* GitHubAppTests */,
				35C502D727EB604D0033037E /* GitHubAppUITests */,
				35C502B527EB604A0033037E /* Products */,
			);
			sourceTree = "<group>";
		};
		35C502B527EB604A0033037E /* Products */ = {
			isa = PBXGroup;
			children = (
				35C502B427EB604A0033037E /* GitHubApp.app */,
				35C502CA27EB604D0033037E /* GitHubAppTests.xctest */,
				35C502D427EB604D0033037E /* GitHubAppUITests.xctest */,
			);
			name = Products;
			sourceTree = "<group>";
		};
		35C502B627EB604A0033037E /* GitHubApp */ = {
			isa = PBXGroup;
			children = (
				35C5031327F1F6ED0033037E /* Util */,
				35C5030B27EF61CD0033037E /* Enum */,
				35C5030627EF5CA50033037E /* Model */,
				35C502FF27EF55D10033037E /* MainViewController */,
				35C5031227F1F6CA0033037E /* UserDetailViewController */,
				35C5031A27F342A40033037E /* FavoriteListViewController */,
				35C502B727EB604A0033037E /* AppDelegate.swift */,
				35C502B927EB604A0033037E /* SceneDelegate.swift */,
				35C502BB27EB604A0033037E /* ViewController.swift */,
				35C502BD27EB604A0033037E /* Main.storyboard */,
				35C502C027EB604D0033037E /* Assets.xcassets */,
				35C502C227EB604D0033037E /* LaunchScreen.storyboard */,
				35C502C527EB604D0033037E /* Info.plist */,
			);
			path = GitHubApp;
			sourceTree = "<group>";
		};
		35C502CD27EB604D0033037E /* GitHubAppTests */ = {
			isa = PBXGroup;
			children = (
				35C502CE27EB604D0033037E /* GitHubAppTests.swift */,
			);
			path = GitHubAppTests;
			sourceTree = "<group>";
		};
		35C502D727EB604D0033037E /* GitHubAppUITests */ = {
			isa = PBXGroup;
			children = (
				35C502D827EB604D0033037E /* GitHubAppUITests.swift */,
				35C502DA27EB604D0033037E /* GitHubAppUITestsLaunchTests.swift */,
			);
			path = GitHubAppUITests;
			sourceTree = "<group>";
		};
		35C502FF27EF55D10033037E /* MainViewController */ = {
			isa = PBXGroup;
			children = (
				35C502E727EB62920033037E /* MainViewController.swift */,
				35C502E827EB62920033037E /* MainViewController.xib */,
				35C5030027EF56000033037E /* MainViewController+TableViewDelegate.swift */,
				35C5030227EF57100033037E /* MainViewController+SearchBarDelegate.swift */,
				35C502EB27EC89980033037E /* GHUserTableViewCell.swift */,
				35C502EC27EC89980033037E /* GHUserTableViewCell.xib */,
			);
			path = MainViewController;
			sourceTree = "<group>";
		};
		35C5030627EF5CA50033037E /* Model */ = {
			isa = PBXGroup;
			children = (
				35C5030727EF5CB80033037E /* GHUser.swift */,
				35C5030927EF5CE80033037E /* GHRepository.swift */,
				35C5031027F13EEB0033037E /* GHSearchUser.swift */,
			);
			path = Model;
			sourceTree = "<group>";
		};
		35C5030B27EF61CD0033037E /* Enum */ = {
			isa = PBXGroup;
			children = (
				35C5030C27EF61D90033037E /* HttpState.swift */,
			);
			path = Enum;
			sourceTree = "<group>";
		};
		35C5031227F1F6CA0033037E /* UserDetailViewController */ = {
			isa = PBXGroup;
			children = (
				35C502F227ECAF0A0033037E /* UserDetailViewController.swift */,
				35C502F327ECAF0A0033037E /* UserDetailViewController.xib */,
				35C5031627F1F8B90033037E /* UserDetailViewController+TableViewDelegate.swift */,
				35C502F627EE133D0033037E /* GHRepositoryTableViewCell.swift */,
				35C502F727EE133D0033037E /* GHRepositoryTableViewCell.xib */,
			);
			path = UserDetailViewController;
			sourceTree = "<group>";
		};
		35C5031327F1F6ED0033037E /* Util */ = {
			isa = PBXGroup;
			children = (
				35C5030427EF59800033037E /* Notification+Name.swift */,
				35C5030E27EF61F30033037E /* AppConstant.swift */,
				35C5031427F1F74C0033037E /* SecretConstant.swift */,
				35C5031827F316A50033037E /* UserDefaultsManager.swift */,
				35C5032127F488500033037E /* Int+Extension.swift */,
			);
			path = Util;
			sourceTree = "<group>";
		};
		35C5031A27F342A40033037E /* FavoriteListViewController */ = {
			isa = PBXGroup;
			children = (
				35C5031B27F342CD0033037E /* FavoriteListViewController.swift */,
				35C5031C27F342CD0033037E /* FavoriteListViewController.xib */,
				35C5031F27F344470033037E /* FavoriteListViewController+TableViewDelegate.swift */,
			);
			path = FavoriteListViewController;
			sourceTree = "<group>";
		};
/* End PBXGroup section */

/* Begin PBXNativeTarget section */
		35C502B327EB604A0033037E /* GitHubApp */ = {
			isa = PBXNativeTarget;
			buildConfigurationList = 35C502DE27EB604D0033037E /* Build configuration list for PBXNativeTarget "GitHubApp" */;
			buildPhases = (
				35C502B027EB604A0033037E /* Sources */,
				35C502B127EB604A0033037E /* Frameworks */,
				35C502B227EB604A0033037E /* Resources */,
			);
			buildRules = (
			);
			dependencies = (
			);
			name = GitHubApp;
			packageProductDependencies = (
				35C502F027ECA6810033037E /* Kingfisher */,
				35C502FD27EF38C90033037E /* Alamofire */,
			);
			productName = GitHubApp;
			productReference = 35C502B427EB604A0033037E /* GitHubApp.app */;
			productType = "com.apple.product-type.application";
		};
		35C502C927EB604D0033037E /* GitHubAppTests */ = {
			isa = PBXNativeTarget;
			buildConfigurationList = 35C502E127EB604D0033037E /* Build configuration list for PBXNativeTarget "GitHubAppTests" */;
			buildPhases = (
				35C502C627EB604D0033037E /* Sources */,
				35C502C727EB604D0033037E /* Frameworks */,
				35C502C827EB604D0033037E /* Resources */,
			);
			buildRules = (
			);
			dependencies = (
				35C502CC27EB604D0033037E /* PBXTargetDependency */,
			);
			name = GitHubAppTests;
			productName = GitHubAppTests;
			productReference = 35C502CA27EB604D0033037E /* GitHubAppTests.xctest */;
			productType = "com.apple.product-type.bundle.unit-test";
		};
		35C502D327EB604D0033037E /* GitHubAppUITests */ = {
			isa = PBXNativeTarget;
			buildConfigurationList = 35C502E427EB604D0033037E /* Build configuration list for PBXNativeTarget "GitHubAppUITests" */;
			buildPhases = (
				35C502D027EB604D0033037E /* Sources */,
				35C502D127EB604D0033037E /* Frameworks */,
				35C502D227EB604D0033037E /* Resources */,
			);
			buildRules = (
			);
			dependencies = (
				35C502D627EB604D0033037E /* PBXTargetDependency */,
			);
			name = GitHubAppUITests;
			productName = GitHubAppUITests;
			productReference = 35C502D427EB604D0033037E /* GitHubAppUITests.xctest */;
			productType = "com.apple.product-type.bundle.ui-testing";
		};
/* End PBXNativeTarget section */

/* Begin PBXProject section */
		35C502AC27EB604A0033037E /* Project object */ = {
			isa = PBXProject;
			attributes = {
				BuildIndependentTargetsInParallel = 1;
				LastSwiftUpdateCheck = 1330;
				LastUpgradeCheck = 1330;
				TargetAttributes = {
					35C502B327EB604A0033037E = {
						CreatedOnToolsVersion = 13.3;
					};
					35C502C927EB604D0033037E = {
						CreatedOnToolsVersion = 13.3;
						TestTargetID = 35C502B327EB604A0033037E;
					};
					35C502D327EB604D0033037E = {
						CreatedOnToolsVersion = 13.3;
						TestTargetID = 35C502B327EB604A0033037E;
					};
				};
			};
			buildConfigurationList = 35C502AF27EB604A0033037E /* Build configuration list for PBXProject "GitHubApp" */;
			compatibilityVersion = "Xcode 13.0";
			developmentRegion = en;
			hasScannedForEncodings = 0;
			knownRegions = (
				en,
				Base,
			);
			mainGroup = 35C502AB27EB604A0033037E;
			packageReferences = (
				35C502EF27ECA6810033037E /* XCRemoteSwiftPackageReference "Kingfisher" */,
				35C502FC27EF38C90033037E /* XCRemoteSwiftPackageReference "Alamofire" */,
			);
			productRefGroup = 35C502B527EB604A0033037E /* Products */;
			projectDirPath = "";
			projectRoot = "";
			targets = (
				35C502B327EB604A0033037E /* GitHubApp */,
				35C502C927EB604D0033037E /* GitHubAppTests */,
				35C502D327EB604D0033037E /* GitHubAppUITests */,
			);
		};
/* End PBXProject section */

/* Begin PBXResourcesBuildPhase section */
		35C502B227EB604A0033037E /* Resources */ = {
			isa = PBXResourcesBuildPhase;
			buildActionMask = 2147483647;
			files = (
				35C502EE27EC89980033037E /* GHUserTableViewCell.xib in Resources */,
				35C502C427EB604D0033037E /* LaunchScreen.storyboard in Resources */,
				35C5031E27F342CD0033037E /* FavoriteListViewController.xib in Resources */,
				35C502F527ECAF0A0033037E /* UserDetailViewController.xib in Resources */,
				35C502F927EE133D0033037E /* GHRepositoryTableViewCell.xib in Resources */,
				35C502C127EB604D0033037E /* Assets.xcassets in Resources */,
				35C502BF27EB604A0033037E /* Main.storyboard in Resources */,
				35C502EA27EB62920033037E /* MainViewController.xib in Resources */,
			);
			runOnlyForDeploymentPostprocessing = 0;
		};
		35C502C827EB604D0033037E /* Resources */ = {
			isa = PBXResourcesBuildPhase;
			buildActionMask = 2147483647;
			files = (
			);
			runOnlyForDeploymentPostprocessing = 0;
		};
		35C502D227EB604D0033037E /* Resources */ = {
			isa = PBXResourcesBuildPhase;
			buildActionMask = 2147483647;
			files = (
			);
			runOnlyForDeploymentPostprocessing = 0;
		};
/* End PBXResourcesBuildPhase section */

/* Begin PBXSourcesBuildPhase section */
		35C502B027EB604A0033037E /* Sources */ = {
			isa = PBXSourcesBuildPhase;
			buildActionMask = 2147483647;
			files = (
				35C5031727F1F8B90033037E /* UserDetailViewController+TableViewDelegate.swift in Sources */,
				35C502BC27EB604A0033037E /* ViewController.swift in Sources */,
				35C5031127F13EEB0033037E /* GHSearchUser.swift in Sources */,
				35C5032227F488500033037E /* Int+Extension.swift in Sources */,
				35C5030D27EF61D90033037E /* HttpState.swift in Sources */,
				35C5030827EF5CB80033037E /* GHUser.swift in Sources */,
				35C5030527EF59800033037E /* Notification+Name.swift in Sources */,
				35C5031D27F342CD0033037E /* FavoriteListViewController.swift in Sources */,
				35C502B827EB604A0033037E /* AppDelegate.swift in Sources */,
				35C502F427ECAF0A0033037E /* UserDetailViewController.swift in Sources */,
				35C5030F27EF61F30033037E /* AppConstant.swift in Sources */,
				35C502BA27EB604A0033037E /* SceneDelegate.swift in Sources */,
				35C5030327EF57100033037E /* MainViewController+SearchBarDelegate.swift in Sources */,
				35C5030A27EF5CE80033037E /* GHRepository.swift in Sources */,
				35C5032027F344470033037E /* FavoriteListViewController+TableViewDelegate.swift in Sources */,
				35C5030127EF56000033037E /* MainViewController+TableViewDelegate.swift in Sources */,
				35C502F827EE133D0033037E /* GHRepositoryTableViewCell.swift in Sources */,
				35C5031927F316A50033037E /* UserDefaultsManager.swift in Sources */,
				35C502ED27EC89980033037E /* GHUserTableViewCell.swift in Sources */,
				35C502E927EB62920033037E /* MainViewController.swift in Sources */,
				35C5031527F1F74C0033037E /* SecretConstant.swift in Sources */,
			);
			runOnlyForDeploymentPostprocessing = 0;
		};
		35C502C627EB604D0033037E /* Sources */ = {
			isa = PBXSourcesBuildPhase;
			buildActionMask = 2147483647;
			files = (
				35C502CF27EB604D0033037E /* GitHubAppTests.swift in Sources */,
			);
			runOnlyForDeploymentPostprocessing = 0;
		};
		35C502D027EB604D0033037E /* Sources */ = {
			isa = PBXSourcesBuildPhase;
			buildActionMask = 2147483647;
			files = (
				35C502D927EB604D0033037E /* GitHubAppUITests.swift in Sources */,
				35C502DB27EB604D0033037E /* GitHubAppUITestsLaunchTests.swift in Sources */,
			);
			runOnlyForDeploymentPostprocessing = 0;
		};
/* End PBXSourcesBuildPhase section */

/* Begin PBXTargetDependency section */
		35C502CC27EB604D0033037E /* PBXTargetDependency */ = {
			isa = PBXTargetDependency;
			target = 35C502B327EB604A0033037E /* GitHubApp */;
			targetProxy = 35C502CB27EB604D0033037E /* PBXContainerItemProxy */;
		};
		35C502D627EB604D0033037E /* PBXTargetDependency */ = {
			isa = PBXTargetDependency;
			target = 35C502B327EB604A0033037E /* GitHubApp */;
			targetProxy = 35C502D527EB604D0033037E /* PBXContainerItemProxy */;
		};
/* End PBXTargetDependency section */

/* Begin PBXVariantGroup section */
		35C502BD27EB604A0033037E /* Main.storyboard */ = {
			isa = PBXVariantGroup;
			children = (
				35C502BE27EB604A0033037E /* Base */,
			);
			name = Main.storyboard;
			sourceTree = "<group>";
		};
		35C502C227EB604D0033037E /* LaunchScreen.storyboard */ = {
			isa = PBXVariantGroup;
			children = (
				35C502C327EB604D0033037E /* Base */,
			);
			name = LaunchScreen.storyboard;
			sourceTree = "<group>";
		};
/* End PBXVariantGroup section */

/* Begin XCBuildConfiguration section */
		35C502DC27EB604D0033037E /* Debug */ = {
			isa = XCBuildConfiguration;
			buildSettings = {
				ALWAYS_SEARCH_USER_PATHS = NO;
				CLANG_ANALYZER_NONNULL = YES;
				CLANG_ANALYZER_NUMBER_OBJECT_CONVERSION = YES_AGGRESSIVE;
				CLANG_CXX_LANGUAGE_STANDARD = "gnu++17";
				CLANG_ENABLE_MODULES = YES;
				CLANG_ENABLE_OBJC_ARC = YES;
				CLANG_ENABLE_OBJC_WEAK = YES;
				CLANG_WARN_BLOCK_CAPTURE_AUTORELEASING = YES;
				CLANG_WARN_BOOL_CONVERSION = YES;
				CLANG_WARN_COMMA = YES;
				CLANG_WARN_CONSTANT_CONVERSION = YES;
				CLANG_WARN_DEPRECATED_OBJC_IMPLEMENTATIONS = YES;
				CLANG_WARN_DIRECT_OBJC_ISA_USAGE = YES_ERROR;
				CLANG_WARN_DOCUMENTATION_COMMENTS = YES;
				CLANG_WARN_EMPTY_BODY = YES;
				CLANG_WARN_ENUM_CONVERSION = YES;
				CLANG_WARN_INFINITE_RECURSION = YES;
				CLANG_WARN_INT_CONVERSION = YES;
				CLANG_WARN_NON_LITERAL_NULL_CONVERSION = YES;
				CLANG_WARN_OBJC_IMPLICIT_RETAIN_SELF = YES;
				CLANG_WARN_OBJC_LITERAL_CONVERSION = YES;
				CLANG_WARN_OBJC_ROOT_CLASS = YES_ERROR;
				CLANG_WARN_QUOTED_INCLUDE_IN_FRAMEWORK_HEADER = YES;
				CLANG_WARN_RANGE_LOOP_ANALYSIS = YES;
				CLANG_WARN_STRICT_PROTOTYPES = YES;
				CLANG_WARN_SUSPICIOUS_MOVE = YES;
				CLANG_WARN_UNGUARDED_AVAILABILITY = YES_AGGRESSIVE;
				CLANG_WARN_UNREACHABLE_CODE = YES;
				CLANG_WARN__DUPLICATE_METHOD_MATCH = YES;
				COPY_PHASE_STRIP = NO;
				DEBUG_INFORMATION_FORMAT = dwarf;
				ENABLE_STRICT_OBJC_MSGSEND = YES;
				ENABLE_TESTABILITY = YES;
				GCC_C_LANGUAGE_STANDARD = gnu11;
				GCC_DYNAMIC_NO_PIC = NO;
				GCC_NO_COMMON_BLOCKS = YES;
				GCC_OPTIMIZATION_LEVEL = 0;
				GCC_PREPROCESSOR_DEFINITIONS = (
					"DEBUG=1",
					"$(inherited)",
				);
				GCC_WARN_64_TO_32_BIT_CONVERSION = YES;
				GCC_WARN_ABOUT_RETURN_TYPE = YES_ERROR;
				GCC_WARN_UNDECLARED_SELECTOR = YES;
				GCC_WARN_UNINITIALIZED_AUTOS = YES_AGGRESSIVE;
				GCC_WARN_UNUSED_FUNCTION = YES;
				GCC_WARN_UNUSED_VARIABLE = YES;
				IPHONEOS_DEPLOYMENT_TARGET = 15.4;
				MTL_ENABLE_DEBUG_INFO = INCLUDE_SOURCE;
				MTL_FAST_MATH = YES;
				ONLY_ACTIVE_ARCH = YES;
				SDKROOT = iphoneos;
				SWIFT_ACTIVE_COMPILATION_CONDITIONS = DEBUG;
				SWIFT_OPTIMIZATION_LEVEL = "-Onone";
			};
			name = Debug;
		};
		35C502DD27EB604D0033037E /* Release */ = {
			isa = XCBuildConfiguration;
			buildSettings = {
				ALWAYS_SEARCH_USER_PATHS = NO;
				CLANG_ANALYZER_NONNULL = YES;
				CLANG_ANALYZER_NUMBER_OBJECT_CONVERSION = YES_AGGRESSIVE;
				CLANG_CXX_LANGUAGE_STANDARD = "gnu++17";
				CLANG_ENABLE_MODULES = YES;
				CLANG_ENABLE_OBJC_ARC = YES;
				CLANG_ENABLE_OBJC_WEAK = YES;
				CLANG_WARN_BLOCK_CAPTURE_AUTORELEASING = YES;
				CLANG_WARN_BOOL_CONVERSION = YES;
				CLANG_WARN_COMMA = YES;
				CLANG_WARN_CONSTANT_CONVERSION = YES;
				CLANG_WARN_DEPRECATED_OBJC_IMPLEMENTATIONS = YES;
				CLANG_WARN_DIRECT_OBJC_ISA_USAGE = YES_ERROR;
				CLANG_WARN_DOCUMENTATION_COMMENTS = YES;
				CLANG_WARN_EMPTY_BODY = YES;
				CLANG_WARN_ENUM_CONVERSION = YES;
				CLANG_WARN_INFINITE_RECURSION = YES;
				CLANG_WARN_INT_CONVERSION = YES;
				CLANG_WARN_NON_LITERAL_NULL_CONVERSION = YES;
				CLANG_WARN_OBJC_IMPLICIT_RETAIN_SELF = YES;
				CLANG_WARN_OBJC_LITERAL_CONVERSION = YES;
				CLANG_WARN_OBJC_ROOT_CLASS = YES_ERROR;
				CLANG_WARN_QUOTED_INCLUDE_IN_FRAMEWORK_HEADER = YES;
				CLANG_WARN_RANGE_LOOP_ANALYSIS = YES;
				CLANG_WARN_STRICT_PROTOTYPES = YES;
				CLANG_WARN_SUSPICIOUS_MOVE = YES;
				CLANG_WARN_UNGUARDED_AVAILABILITY = YES_AGGRESSIVE;
				CLANG_WARN_UNREACHABLE_CODE = YES;
				CLANG_WARN__DUPLICATE_METHOD_MATCH = YES;
				COPY_PHASE_STRIP = NO;
				DEBUG_INFORMATION_FORMAT = "dwarf-with-dsym";
				ENABLE_NS_ASSERTIONS = NO;
				ENABLE_STRICT_OBJC_MSGSEND = YES;
				GCC_C_LANGUAGE_STANDARD = gnu11;
				GCC_NO_COMMON_BLOCKS = YES;
				GCC_WARN_64_TO_32_BIT_CONVERSION = YES;
				GCC_WARN_ABOUT_RETURN_TYPE = YES_ERROR;
				GCC_WARN_UNDECLARED_SELECTOR = YES;
				GCC_WARN_UNINITIALIZED_AUTOS = YES_AGGRESSIVE;
				GCC_WARN_UNUSED_FUNCTION = YES;
				GCC_WARN_UNUSED_VARIABLE = YES;
				IPHONEOS_DEPLOYMENT_TARGET = 15.4;
				MTL_ENABLE_DEBUG_INFO = NO;
				MTL_FAST_MATH = YES;
				SDKROOT = iphoneos;
				SWIFT_COMPILATION_MODE = wholemodule;
				SWIFT_OPTIMIZATION_LEVEL = "-O";
				VALIDATE_PRODUCT = YES;
			};
			name = Release;
		};
		35C502DF27EB604D0033037E /* Debug */ = {
			isa = XCBuildConfiguration;
			buildSettings = {
				ASSETCATALOG_COMPILER_APPICON_NAME = AppIcon;
				ASSETCATALOG_COMPILER_GLOBAL_ACCENT_COLOR_NAME = AccentColor;
				CODE_SIGN_STYLE = Automatic;
				CURRENT_PROJECT_VERSION = 1;
				GENERATE_INFOPLIST_FILE = YES;
				INFOPLIST_FILE = GitHubApp/Info.plist;
				INFOPLIST_KEY_UIApplicationSupportsIndirectInputEvents = YES;
				INFOPLIST_KEY_UILaunchStoryboardName = LaunchScreen;
				INFOPLIST_KEY_UISupportedInterfaceOrientations_iPad = "UIInterfaceOrientationPortrait UIInterfaceOrientationPortraitUpsideDown UIInterfaceOrientationLandscapeLeft UIInterfaceOrientationLandscapeRight";
				INFOPLIST_KEY_UISupportedInterfaceOrientations_iPhone = "UIInterfaceOrientationPortrait UIInterfaceOrientationLandscapeLeft UIInterfaceOrientationLandscapeRight";
				LD_RUNPATH_SEARCH_PATHS = (
					"$(inherited)",
					"@executable_path/Frameworks",
				);
				MARKETING_VERSION = 1.0;
				PRODUCT_BUNDLE_IDENTIFIER = com.m13o.GitHubApp;
				PRODUCT_NAME = "$(TARGET_NAME)";
				SWIFT_EMIT_LOC_STRINGS = YES;
				SWIFT_VERSION = 5.0;
				TARGETED_DEVICE_FAMILY = "1,2";
			};
			name = Debug;
		};
		35C502E027EB604D0033037E /* Release */ = {
			isa = XCBuildConfiguration;
			buildSettings = {
				ASSETCATALOG_COMPILER_APPICON_NAME = AppIcon;
				ASSETCATALOG_COMPILER_GLOBAL_ACCENT_COLOR_NAME = AccentColor;
				CODE_SIGN_STYLE = Automatic;
				CURRENT_PROJECT_VERSION = 1;
				GENERATE_INFOPLIST_FILE = YES;
				INFOPLIST_FILE = GitHubApp/Info.plist;
				INFOPLIST_KEY_UIApplicationSupportsIndirectInputEvents = YES;
				INFOPLIST_KEY_UILaunchStoryboardName = LaunchScreen;
				INFOPLIST_KEY_UISupportedInterfaceOrientations_iPad = "UIInterfaceOrientationPortrait UIInterfaceOrientationPortraitUpsideDown UIInterfaceOrientationLandscapeLeft UIInterfaceOrientationLandscapeRight";
				INFOPLIST_KEY_UISupportedInterfaceOrientations_iPhone = "UIInterfaceOrientationPortrait UIInterfaceOrientationLandscapeLeft UIInterfaceOrientationLandscapeRight";
				LD_RUNPATH_SEARCH_PATHS = (
					"$(inherited)",
					"@executable_path/Frameworks",
				);
				MARKETING_VERSION = 1.0;
				PRODUCT_BUNDLE_IDENTIFIER = com.m13o.GitHubApp;
				PRODUCT_NAME = "$(TARGET_NAME)";
				SWIFT_EMIT_LOC_STRINGS = YES;
				SWIFT_VERSION = 5.0;
				TARGETED_DEVICE_FAMILY = "1,2";
			};
			name = Release;
		};
		35C502E227EB604D0033037E /* Debug */ = {
			isa = XCBuildConfiguration;
			buildSettings = {
				ALWAYS_EMBED_SWIFT_STANDARD_LIBRARIES = YES;
				BUNDLE_LOADER = "$(TEST_HOST)";
				CODE_SIGN_STYLE = Automatic;
				CURRENT_PROJECT_VERSION = 1;
				GENERATE_INFOPLIST_FILE = YES;
				IPHONEOS_DEPLOYMENT_TARGET = 15.4;
				MARKETING_VERSION = 1.0;
				PRODUCT_BUNDLE_IDENTIFIER = com.m13o.GitHubAppTests;
				PRODUCT_NAME = "$(TARGET_NAME)";
				SWIFT_EMIT_LOC_STRINGS = NO;
				SWIFT_VERSION = 5.0;
				TARGETED_DEVICE_FAMILY = "1,2";
				TEST_HOST = "$(BUILT_PRODUCTS_DIR)/GitHubApp.app/GitHubApp";
			};
			name = Debug;
		};
		35C502E327EB604D0033037E /* Release */ = {
			isa = XCBuildConfiguration;
			buildSettings = {
				ALWAYS_EMBED_SWIFT_STANDARD_LIBRARIES = YES;
				BUNDLE_LOADER = "$(TEST_HOST)";
				CODE_SIGN_STYLE = Automatic;
				CURRENT_PROJECT_VERSION = 1;
				GENERATE_INFOPLIST_FILE = YES;
				IPHONEOS_DEPLOYMENT_TARGET = 15.4;
				MARKETING_VERSION = 1.0;
				PRODUCT_BUNDLE_IDENTIFIER = com.m13o.GitHubAppTests;
				PRODUCT_NAME = "$(TARGET_NAME)";
				SWIFT_EMIT_LOC_STRINGS = NO;
				SWIFT_VERSION = 5.0;
				TARGETED_DEVICE_FAMILY = "1,2";
				TEST_HOST = "$(BUILT_PRODUCTS_DIR)/GitHubApp.app/GitHubApp";
			};
			name = Release;
		};
		35C502E527EB604D0033037E /* Debug */ = {
			isa = XCBuildConfiguration;
			buildSettings = {
				ALWAYS_EMBED_SWIFT_STANDARD_LIBRARIES = YES;
				CODE_SIGN_STYLE = Automatic;
				CURRENT_PROJECT_VERSION = 1;
				GENERATE_INFOPLIST_FILE = YES;
				MARKETING_VERSION = 1.0;
				PRODUCT_BUNDLE_IDENTIFIER = com.m13o.GitHubAppUITests;
				PRODUCT_NAME = "$(TARGET_NAME)";
				SWIFT_EMIT_LOC_STRINGS = NO;
				SWIFT_VERSION = 5.0;
				TARGETED_DEVICE_FAMILY = "1,2";
				TEST_TARGET_NAME = GitHubApp;
			};
			name = Debug;
		};
		35C502E627EB604D0033037E /* Release */ = {
			isa = XCBuildConfiguration;
			buildSettings = {
				ALWAYS_EMBED_SWIFT_STANDARD_LIBRARIES = YES;
				CODE_SIGN_STYLE = Automatic;
				CURRENT_PROJECT_VERSION = 1;
				GENERATE_INFOPLIST_FILE = YES;
				MARKETING_VERSION = 1.0;
				PRODUCT_BUNDLE_IDENTIFIER = com.m13o.GitHubAppUITests;
				PRODUCT_NAME = "$(TARGET_NAME)";
				SWIFT_EMIT_LOC_STRINGS = NO;
				SWIFT_VERSION = 5.0;
				TARGETED_DEVICE_FAMILY = "1,2";
				TEST_TARGET_NAME = GitHubApp;
			};
			name = Release;
		};
/* End XCBuildConfiguration section */

/* Begin XCConfigurationList section */
		35C502AF27EB604A0033037E /* Build configuration list for PBXProject "GitHubApp" */ = {
			isa = XCConfigurationList;
			buildConfigurations = (
				35C502DC27EB604D0033037E /* Debug */,
				35C502DD27EB604D0033037E /* Release */,
			);
			defaultConfigurationIsVisible = 0;
			defaultConfigurationName = Release;
		};
		35C502DE27EB604D0033037E /* Build configuration list for PBXNativeTarget "GitHubApp" */ = {
			isa = XCConfigurationList;
			buildConfigurations = (
				35C502DF27EB604D0033037E /* Debug */,
				35C502E027EB604D0033037E /* Release */,
			);
			defaultConfigurationIsVisible = 0;
			defaultConfigurationName = Release;
		};
		35C502E127EB604D0033037E /* Build configuration list for PBXNativeTarget "GitHubAppTests" */ = {
			isa = XCConfigurationList;
			buildConfigurations = (
				35C502E227EB604D0033037E /* Debug */,
				35C502E327EB604D0033037E /* Release */,
			);
			defaultConfigurationIsVisible = 0;
			defaultConfigurationName = Release;
		};
		35C502E427EB604D0033037E /* Build configuration list for PBXNativeTarget "GitHubAppUITests" */ = {
			isa = XCConfigurationList;
			buildConfigurations = (
				35C502E527EB604D0033037E /* Debug */,
				35C502E627EB604D0033037E /* Release */,
			);
			defaultConfigurationIsVisible = 0;
			defaultConfigurationName = Release;
		};
/* End XCConfigurationList section */

/* Begin XCRemoteSwiftPackageReference section */
		35C502EF27ECA6810033037E /* XCRemoteSwiftPackageReference "Kingfisher" */ = {
			isa = XCRemoteSwiftPackageReference;
			repositoryURL = "https://github.com/onevcat/Kingfisher";
			requirement = {
				branch = master;
				kind = branch;
			};
		};
		35C502FC27EF38C90033037E /* XCRemoteSwiftPackageReference "Alamofire" */ = {
			isa = XCRemoteSwiftPackageReference;
			repositoryURL = "https://github.com/Alamofire/Alamofire";
			requirement = {
				kind = upToNextMajorVersion;
				minimumVersion = 5.0.0;
			};
		};
/* End XCRemoteSwiftPackageReference section */

/* Begin XCSwiftPackageProductDependency section */
		35C502F027ECA6810033037E /* Kingfisher */ = {
			isa = XCSwiftPackageProductDependency;
			package = 35C502EF27ECA6810033037E /* XCRemoteSwiftPackageReference "Kingfisher" */;
			productName = Kingfisher;
		};
		35C502FD27EF38C90033037E /* Alamofire */ = {
			isa = XCSwiftPackageProductDependency;
			package = 35C502FC27EF38C90033037E /* XCRemoteSwiftPackageReference "Alamofire" */;
			productName = Alamofire;
		};
/* End XCSwiftPackageProductDependency section */
	};
	rootObject = 35C502AC27EB604A0033037E /* Project object */;
}
